// !$*UTF8*$!
{
	archiveVersion = 1;
	classes = {
	};
	objectVersion = 56;
	objects = {

/* Begin PBXBuildFile section */
		E5F5AC3429DB9C2B0001E648 /* AppDelegate.swift in Sources */ = {isa = PBXBuildFile; fileRef = E5F5AC3329DB9C2B0001E648 /* AppDelegate.swift */; };
		E5F5AC3629DB9C2B0001E648 /* SceneDelegate.swift in Sources */ = {isa = PBXBuildFile; fileRef = E5F5AC3529DB9C2B0001E648 /* SceneDelegate.swift */; };
		E5F5AC3829DB9C2B0001E648 /* ViewController.swift in Sources */ = {isa = PBXBuildFile; fileRef = E5F5AC3729DB9C2B0001E648 /* ViewController.swift */; };
		E5F5AC3B29DB9C2B0001E648 /* Main.storyboard in Resources */ = {isa = PBXBuildFile; fileRef = E5F5AC3929DB9C2B0001E648 /* Main.storyboard */; };
		E5F5AC3D29DB9C330001E648 /* Assets.xcassets in Resources */ = {isa = PBXBuildFile; fileRef = E5F5AC3C29DB9C330001E648 /* Assets.xcassets */; };
		E5F5AC4029DB9C330001E648 /* LaunchScreen.storyboard in Resources */ = {isa = PBXBuildFile; fileRef = E5F5AC3E29DB9C330001E648 /* LaunchScreen.storyboard */; };
		E5F5AC4B29DB9C330001E648 /* Budget_AppTests.swift in Sources */ = {isa = PBXBuildFile; fileRef = E5F5AC4A29DB9C330001E648 /* Budget_AppTests.swift */; };
		E5F5AC5529DB9C330001E648 /* Budget_AppUITests.swift in Sources */ = {isa = PBXBuildFile; fileRef = E5F5AC5429DB9C330001E648 /* Budget_AppUITests.swift */; };
		E5F5AC5729DB9C330001E648 /* Budget_AppUITestsLaunchTests.swift in Sources */ = {isa = PBXBuildFile; fileRef = E5F5AC5629DB9C330001E648 /* Budget_AppUITestsLaunchTests.swift */; };
/* End PBXBuildFile section */

/* Begin PBXContainerItemProxy section */
		E5F5AC4729DB9C330001E648 /* PBXContainerItemProxy */ = {
			isa = PBXContainerItemProxy;
			containerPortal = E5F5AC2829DB9C2B0001E648 /* Project object */;
			proxyType = 1;
			remoteGlobalIDString = E5F5AC2F29DB9C2B0001E648;
			remoteInfo = "Budget App";
		};
		E5F5AC5129DB9C330001E648 /* PBXContainerItemProxy */ = {
			isa = PBXContainerItemProxy;
			containerPortal = E5F5AC2829DB9C2B0001E648 /* Project object */;
			proxyType = 1;
			remoteGlobalIDString = E5F5AC2F29DB9C2B0001E648;
			remoteInfo = "Budget App";
		};
/* End PBXContainerItemProxy section */

/* Begin PBXFileReference section */
		E5F5AC3029DB9C2B0001E648 /* Budget App.app */ = {isa = PBXFileReference; explicitFileType = wrapper.application; includeInIndex = 0; path = "Budget App.app"; sourceTree = BUILT_PRODUCTS_DIR; };
		E5F5AC3329DB9C2B0001E648 /* AppDelegate.swift */ = {isa = PBXFileReference; lastKnownFileType = sourcecode.swift; path = AppDelegate.swift; sourceTree = "<group>"; };
		E5F5AC3529DB9C2B0001E648 /* SceneDelegate.swift */ = {isa = PBXFileReference; lastKnownFileType = sourcecode.swift; path = SceneDelegate.swift; sourceTree = "<group>"; };
		E5F5AC3729DB9C2B0001E648 /* ViewController.swift */ = {isa = PBXFileReference; lastKnownFileType = sourcecode.swift; path = ViewController.swift; sourceTree = "<group>"; };
		E5F5AC3A29DB9C2B0001E648 /* Base */ = {isa = PBXFileReference; lastKnownFileType = file.storyboard; name = Base; path = Base.lproj/Main.storyboard; sourceTree = "<group>"; };
		E5F5AC3C29DB9C330001E648 /* Assets.xcassets */ = {isa = PBXFileReference; lastKnownFileType = folder.assetcatalog; path = Assets.xcassets; sourceTree = "<group>"; };
		E5F5AC3F29DB9C330001E648 /* Base */ = {isa = PBXFileReference; lastKnownFileType = file.storyboard; name = Base; path = Base.lproj/LaunchScreen.storyboard; sourceTree = "<group>"; };
		E5F5AC4129DB9C330001E648 /* Info.plist */ = {isa = PBXFileReference; lastKnownFileType = text.plist.xml; path = Info.plist; sourceTree = "<group>"; };
		E5F5AC4629DB9C330001E648 /* Budget AppTests.xctest */ = {isa = PBXFileReference; explicitFileType = wrapper.cfbundle; includeInIndex = 0; path = "Budget AppTests.xctest"; sourceTree = BUILT_PRODUCTS_DIR; };
		E5F5AC4A29DB9C330001E648 /* Budget_AppTests.swift */ = {isa = PBXFileReference; lastKnownFileType = sourcecode.swift; path = Budget_AppTests.swift; sourceTree = "<group>"; };
		E5F5AC5029DB9C330001E648 /* Budget AppUITests.xctest */ = {isa = PBXFileReference; explicitFileType = wrapper.cfbundle; includeInIndex = 0; path = "Budget AppUITests.xctest"; sourceTree = BUILT_PRODUCTS_DIR; };
		E5F5AC5429DB9C330001E648 /* Budget_AppUITests.swift */ = {isa = PBXFileReference; lastKnownFileType = sourcecode.swift; path = Budget_AppUITests.swift; sourceTree = "<group>"; };
		E5F5AC5629DB9C330001E648 /* Budget_AppUITestsLaunchTests.swift */ = {isa = PBXFileReference; lastKnownFileType = sourcecode.swift; path = Budget_AppUITestsLaunchTests.swift; sourceTree = "<group>"; };
/* End PBXFileReference section */

/* Begin PBXFrameworksBuildPhase section */
		E5F5AC2D29DB9C2B0001E648 /* Frameworks */ = {
			isa = PBXFrameworksBuildPhase;
			buildActionMask = 2147483647;
			files = (
			);
			runOnlyForDeploymentPostprocessing = 0;
		};
		E5F5AC4329DB9C330001E648 /* Frameworks */ = {
			isa = PBXFrameworksBuildPhase;
			buildActionMask = 2147483647;
			files = (
			);
			runOnlyForDeploymentPostprocessing = 0;
		};
		E5F5AC4D29DB9C330001E648 /* Frameworks */ = {
			isa = PBXFrameworksBuildPhase;
			buildActionMask = 2147483647;
			files = (
			);
			runOnlyForDeploymentPostprocessing = 0;
		};
/* End PBXFrameworksBuildPhase section */

/* Begin PBXGroup section */
		E5F5AC2729DB9C2B0001E648 = {
			isa = PBXGroup;
			children = (
				E5F5AC3229DB9C2B0001E648 /* Budget App */,
				E5F5AC4929DB9C330001E648 /* Budget AppTests */,
				E5F5AC5329DB9C330001E648 /* Budget AppUITests */,
				E5F5AC3129DB9C2B0001E648 /* Products */,
			);
			sourceTree = "<group>";
		};
		E5F5AC3129DB9C2B0001E648 /* Products */ = {
			isa = PBXGroup;
			children = (
				E5F5AC3029DB9C2B0001E648 /* Budget App.app */,
				E5F5AC4629DB9C330001E648 /* Budget AppTests.xctest */,
				E5F5AC5029DB9C330001E648 /* Budget AppUITests.xctest */,
			);
			name = Products;
			sourceTree = "<group>";
		};
		E5F5AC3229DB9C2B0001E648 /* Budget App */ = {
			isa = PBXGroup;
			children = (
				E5F5AC3329DB9C2B0001E648 /* AppDelegate.swift */,
				E5F5AC3529DB9C2B0001E648 /* SceneDelegate.swift */,
				E5F5AC3729DB9C2B0001E648 /* ViewController.swift */,
				E5F5AC3929DB9C2B0001E648 /* Main.storyboard */,
				E5F5AC3C29DB9C330001E648 /* Assets.xcassets */,
				E5F5AC3E29DB9C330001E648 /* LaunchScreen.storyboard */,
				E5F5AC4129DB9C330001E648 /* Info.plist */,
			);
			path = "Budget App";
			sourceTree = "<group>";
		};
		E5F5AC4929DB9C330001E648 /* Budget AppTests */ = {
			isa = PBXGroup;
			children = (
				E5F5AC4A29DB9C330001E648 /* Budget_AppTests.swift */,
			);
			path = "Budget AppTests";
			sourceTree = "<group>";
		};
		E5F5AC5329DB9C330001E648 /* Budget AppUITests */ = {
			isa = PBXGroup;
			children = (
				E5F5AC5429DB9C330001E648 /* Budget_AppUITests.swift */,
				E5F5AC5629DB9C330001E648 /* Budget_AppUITestsLaunchTests.swift */,
			);
			path = "Budget AppUITests";
			sourceTree = "<group>";
		};
/* End PBXGroup section */

/* Begin PBXNativeTarget section */
		E5F5AC2F29DB9C2B0001E648 /* Budget App */ = {
			isa = PBXNativeTarget;
			buildConfigurationList = E5F5AC5A29DB9C330001E648 /* Build configuration list for PBXNativeTarget "Budget App" */;
			buildPhases = (
				E5F5AC2C29DB9C2B0001E648 /* Sources */,
				E5F5AC2D29DB9C2B0001E648 /* Frameworks */,
				E5F5AC2E29DB9C2B0001E648 /* Resources */,
			);
			buildRules = (
			);
			dependencies = (
			);
			name = "Budget App";
			productName = "Budget App";
			productReference = E5F5AC3029DB9C2B0001E648 /* Budget App.app */;
			productType = "com.apple.product-type.application";
		};
		E5F5AC4529DB9C330001E648 /* Budget AppTests */ = {
			isa = PBXNativeTarget;
			buildConfigurationList = E5F5AC5D29DB9C330001E648 /* Build configuration list for PBXNativeTarget "Budget AppTests" */;
			buildPhases = (
				E5F5AC4229DB9C330001E648 /* Sources */,
				E5F5AC4329DB9C330001E648 /* Frameworks */,
				E5F5AC4429DB9C330001E648 /* Resources */,
			);
			buildRules = (
			);
			dependencies = (
				E5F5AC4829DB9C330001E648 /* PBXTargetDependency */,
			);
			name = "Budget AppTests";
			productName = "Budget AppTests";
			productReference = E5F5AC4629DB9C330001E648 /* Budget AppTests.xctest */;
			productType = "com.apple.product-type.bundle.unit-test";
		};
		E5F5AC4F29DB9C330001E648 /* Budget AppUITests */ = {
			isa = PBXNativeTarget;
			buildConfigurationList = E5F5AC6029DB9C330001E648 /* Build configuration list for PBXNativeTarget "Budget AppUITests" */;
			buildPhases = (
				E5F5AC4C29DB9C330001E648 /* Sources */,
				E5F5AC4D29DB9C330001E648 /* Frameworks */,
				E5F5AC4E29DB9C330001E648 /* Resources */,
			);
			buildRules = (
			);
			dependencies = (
				E5F5AC5229DB9C330001E648 /* PBXTargetDependency */,
			);
			name = "Budget AppUITests";
			productName = "Budget AppUITests";
			productReference = E5F5AC5029DB9C330001E648 /* Budget AppUITests.xctest */;
			productType = "com.apple.product-type.bundle.ui-testing";
		};
/* End PBXNativeTarget section */

/* Begin PBXProject section */
		E5F5AC2829DB9C2B0001E648 /* Project object */ = {
			isa = PBXProject;
			attributes = {
				BuildIndependentTargetsInParallel = 1;
				LastSwiftUpdateCheck = 1420;
				LastUpgradeCheck = 1420;
				TargetAttributes = {
					E5F5AC2F29DB9C2B0001E648 = {
						CreatedOnToolsVersion = 14.2;
					};
					E5F5AC4529DB9C330001E648 = {
						CreatedOnToolsVersion = 14.2;
						TestTargetID = E5F5AC2F29DB9C2B0001E648;
					};
					E5F5AC4F29DB9C330001E648 = {
						CreatedOnToolsVersion = 14.2;
						TestTargetID = E5F5AC2F29DB9C2B0001E648;
					};
				};
			};
			buildConfigurationList = E5F5AC2B29DB9C2B0001E648 /* Build configuration list for PBXProject "Budget App" */;
			compatibilityVersion = "Xcode 14.0";
			developmentRegion = en;
			hasScannedForEncodings = 0;
			knownRegions = (
				en,
				Base,
			);
			mainGroup = E5F5AC2729DB9C2B0001E648;
			productRefGroup = E5F5AC3129DB9C2B0001E648 /* Products */;
			projectDirPath = "";
			projectRoot = "";
			targets = (
				E5F5AC2F29DB9C2B0001E648 /* Budget App */,
				E5F5AC4529DB9C330001E648 /* Budget AppTests */,
				E5F5AC4F29DB9C330001E648 /* Budget AppUITests */,
			);
		};
/* End PBXProject section */

/* Begin PBXResourcesBuildPhase section */
		E5F5AC2E29DB9C2B0001E648 /* Resources */ = {
			isa = PBXResourcesBuildPhase;
			buildActionMask = 2147483647;
			files = (
				E5F5AC4029DB9C330001E648 /* LaunchScreen.storyboard in Resources */,
				E5F5AC3D29DB9C330001E648 /* Assets.xcassets in Resources */,
				E5F5AC3B29DB9C2B0001E648 /* Main.storyboard in Resources */,
			);
			runOnlyForDeploymentPostprocessing = 0;
		};
		E5F5AC4429DB9C330001E648 /* Resources */ = {
			isa = PBXResourcesBuildPhase;
			buildActionMask = 2147483647;
			files = (
			);
			runOnlyForDeploymentPostprocessing = 0;
		};
		E5F5AC4E29DB9C330001E648 /* Resources */ = {
			isa = PBXResourcesBuildPhase;
			buildActionMask = 2147483647;
			files = (
			);
			runOnlyForDeploymentPostprocessing = 0;
		};
/* End PBXResourcesBuildPhase section */

/* Begin PBXSourcesBuildPhase section */
		E5F5AC2C29DB9C2B0001E648 /* Sources */ = {
			isa = PBXSourcesBuildPhase;
			buildActionMask = 2147483647;
			files = (
				E5F5AC3829DB9C2B0001E648 /* ViewController.swift in Sources */,
				E5F5AC3429DB9C2B0001E648 /* AppDelegate.swift in Sources */,
				E5F5AC3629DB9C2B0001E648 /* SceneDelegate.swift in Sources */,
			);
			runOnlyForDeploymentPostprocessing = 0;
		};
		E5F5AC4229DB9C330001E648 /* Sources */ = {
			isa = PBXSourcesBuildPhase;
			buildActionMask = 2147483647;
			files = (
				E5F5AC4B29DB9C330001E648 /* Budget_AppTests.swift in Sources */,
			);
			runOnlyForDeploymentPostprocessing = 0;
		};
		E5F5AC4C29DB9C330001E648 /* Sources */ = {
			isa = PBXSourcesBuildPhase;
			buildActionMask = 2147483647;
			files = (
				E5F5AC5529DB9C330001E648 /* Budget_AppUITests.swift in Sources */,
				E5F5AC5729DB9C330001E648 /* Budget_AppUITestsLaunchTests.swift in Sources */,
			);
			runOnlyForDeploymentPostprocessing = 0;
		};
/* End PBXSourcesBuildPhase section */

/* Begin PBXTargetDependency section */
		E5F5AC4829DB9C330001E648 /* PBXTargetDependency */ = {
			isa = PBXTargetDependency;
			target = E5F5AC2F29DB9C2B0001E648 /* Budget App */;
			targetProxy = E5F5AC4729DB9C330001E648 /* PBXContainerItemProxy */;
		};
		E5F5AC5229DB9C330001E648 /* PBXTargetDependency */ = {
			isa = PBXTargetDependency;
			target = E5F5AC2F29DB9C2B0001E648 /* Budget App */;
			targetProxy = E5F5AC5129DB9C330001E648 /* PBXContainerItemProxy */;
		};
/* End PBXTargetDependency section */

/* Begin PBXVariantGroup section */
		E5F5AC3929DB9C2B0001E648 /* Main.storyboard */ = {
			isa = PBXVariantGroup;
			children = (
				E5F5AC3A29DB9C2B0001E648 /* Base */,
			);
			name = Main.storyboard;
			sourceTree = "<group>";
		};
		E5F5AC3E29DB9C330001E648 /* LaunchScreen.storyboard */ = {
			isa = PBXVariantGroup;
			children = (
				E5F5AC3F29DB9C330001E648 /* Base */,
			);
			name = LaunchScreen.storyboard;
			sourceTree = "<group>";
		};
/* End PBXVariantGroup section */

/* Begin XCBuildConfiguration section */
		E5F5AC5829DB9C330001E648 /* Debug */ = {
			isa = XCBuildConfiguration;
			buildSettings = {
				ALWAYS_SEARCH_USER_PATHS = NO;
				CLANG_ANALYZER_NONNULL = YES;
				CLANG_ANALYZER_NUMBER_OBJECT_CONVERSION = YES_AGGRESSIVE;
				CLANG_CXX_LANGUAGE_STANDARD = "gnu++20";
				CLANG_ENABLE_MODULES = YES;
				CLANG_ENABLE_OBJC_ARC = YES;
				CLANG_ENABLE_OBJC_WEAK = YES;
				CLANG_WARN_BLOCK_CAPTURE_AUTORELEASING = YES;
				CLANG_WARN_BOOL_CONVERSION = YES;
				CLANG_WARN_COMMA = YES;
				CLANG_WARN_CONSTANT_CONVERSION = YES;
				CLANG_WARN_DEPRECATED_OBJC_IMPLEMENTATIONS = YES;
				CLANG_WARN_DIRECT_OBJC_ISA_USAGE = YES_ERROR;
				CLANG_WARN_DOCUMENTATION_COMMENTS = YES;
				CLANG_WARN_EMPTY_BODY = YES;
				CLANG_WARN_ENUM_CONVERSION = YES;
				CLANG_WARN_INFINITE_RECURSION = YES;
				CLANG_WARN_INT_CONVERSION = YES;
				CLANG_WARN_NON_LITERAL_NULL_CONVERSION = YES;
				CLANG_WARN_OBJC_IMPLICIT_RETAIN_SELF = YES;
				CLANG_WARN_OBJC_LITERAL_CONVERSION = YES;
				CLANG_WARN_OBJC_ROOT_CLASS = YES_ERROR;
				CLANG_WARN_QUOTED_INCLUDE_IN_FRAMEWORK_HEADER = YES;
				CLANG_WARN_RANGE_LOOP_ANALYSIS = YES;
				CLANG_WARN_STRICT_PROTOTYPES = YES;
				CLANG_WARN_SUSPICIOUS_MOVE = YES;
				CLANG_WARN_UNGUARDED_AVAILABILITY = YES_AGGRESSIVE;
				CLANG_WARN_UNREACHABLE_CODE = YES;
				CLANG_WARN__DUPLICATE_METHOD_MATCH = YES;
				COPY_PHASE_STRIP = NO;
				DEBUG_INFORMATION_FORMAT = dwarf;
				ENABLE_STRICT_OBJC_MSGSEND = YES;
				ENABLE_TESTABILITY = YES;
				GCC_C_LANGUAGE_STANDARD = gnu11;
				GCC_DYNAMIC_NO_PIC = NO;
				GCC_NO_COMMON_BLOCKS = YES;
				GCC_OPTIMIZATION_LEVEL = 0;
				GCC_PREPROCESSOR_DEFINITIONS = (
					"DEBUG=1",
					"$(inherited)",
				);
				GCC_WARN_64_TO_32_BIT_CONVERSION = YES;
				GCC_WARN_ABOUT_RETURN_TYPE = YES_ERROR;
				GCC_WARN_UNDECLARED_SELECTOR = YES;
				GCC_WARN_UNINITIALIZED_AUTOS = YES_AGGRESSIVE;
				GCC_WARN_UNUSED_FUNCTION = YES;
				GCC_WARN_UNUSED_VARIABLE = YES;
				IPHONEOS_DEPLOYMENT_TARGET = 16.2;
				MTL_ENABLE_DEBUG_INFO = INCLUDE_SOURCE;
				MTL_FAST_MATH = YES;
				ONLY_ACTIVE_ARCH = YES;
				SDKROOT = iphoneos;
				SWIFT_ACTIVE_COMPILATION_CONDITIONS = DEBUG;
				SWIFT_OPTIMIZATION_LEVEL = "-Onone";
			};
			name = Debug;
		};
		E5F5AC5929DB9C330001E648 /* Release */ = {
			isa = XCBuildConfiguration;
			buildSettings = {
				ALWAYS_SEARCH_USER_PATHS = NO;
				CLANG_ANALYZER_NONNULL = YES;
				CLANG_ANALYZER_NUMBER_OBJECT_CONVERSION = YES_AGGRESSIVE;
				CLANG_CXX_LANGUAGE_STANDARD = "gnu++20";
				CLANG_ENABLE_MODULES = YES;
				CLANG_ENABLE_OBJC_ARC = YES;
				CLANG_ENABLE_OBJC_WEAK = YES;
				CLANG_WARN_BLOCK_CAPTURE_AUTORELEASING = YES;
				CLANG_WARN_BOOL_CONVERSION = YES;
				CLANG_WARN_COMMA = YES;
				CLANG_WARN_CONSTANT_CONVERSION = YES;
				CLANG_WARN_DEPRECATED_OBJC_IMPLEMENTATIONS = YES;
				CLANG_WARN_DIRECT_OBJC_ISA_USAGE = YES_ERROR;
				CLANG_WARN_DOCUMENTATION_COMMENTS = YES;
				CLANG_WARN_EMPTY_BODY = YES;
				CLANG_WARN_ENUM_CONVERSION = YES;
				CLANG_WARN_INFINITE_RECURSION = YES;
				CLANG_WARN_INT_CONVERSION = YES;
				CLANG_WARN_NON_LITERAL_NULL_CONVERSION = YES;
				CLANG_WARN_OBJC_IMPLICIT_RETAIN_SELF = YES;
				CLANG_WARN_OBJC_LITERAL_CONVERSION = YES;
				CLANG_WARN_OBJC_ROOT_CLASS = YES_ERROR;
				CLANG_WARN_QUOTED_INCLUDE_IN_FRAMEWORK_HEADER = YES;
				CLANG_WARN_RANGE_LOOP_ANALYSIS = YES;
				CLANG_WARN_STRICT_PROTOTYPES = YES;
				CLANG_WARN_SUSPICIOUS_MOVE = YES;
				CLANG_WARN_UNGUARDED_AVAILABILITY = YES_AGGRESSIVE;
				CLANG_WARN_UNREACHABLE_CODE = YES;
				CLANG_WARN__DUPLICATE_METHOD_MATCH = YES;
				COPY_PHASE_STRIP = NO;
				DEBUG_INFORMATION_FORMAT = "dwarf-with-dsym";
				ENABLE_NS_ASSERTIONS = NO;
				ENABLE_STRICT_OBJC_MSGSEND = YES;
				GCC_C_LANGUAGE_STANDARD = gnu11;
				GCC_NO_COMMON_BLOCKS = YES;
				GCC_WARN_64_TO_32_BIT_CONVERSION = YES;
				GCC_WARN_ABOUT_RETURN_TYPE = YES_ERROR;
				GCC_WARN_UNDECLARED_SELECTOR = YES;
				GCC_WARN_UNINITIALIZED_AUTOS = YES_AGGRESSIVE;
				GCC_WARN_UNUSED_FUNCTION = YES;
				GCC_WARN_UNUSED_VARIABLE = YES;
				IPHONEOS_DEPLOYMENT_TARGET = 16.2;
				MTL_ENABLE_DEBUG_INFO = NO;
				MTL_FAST_MATH = YES;
				SDKROOT = iphoneos;
				SWIFT_COMPILATION_MODE = wholemodule;
				SWIFT_OPTIMIZATION_LEVEL = "-O";
				VALIDATE_PRODUCT = YES;
			};
			name = Release;
		};
		E5F5AC5B29DB9C330001E648 /* Debug */ = {
			isa = XCBuildConfiguration;
			buildSettings = {
				ASSETCATALOG_COMPILER_APPICON_NAME = AppIcon;
				ASSETCATALOG_COMPILER_GLOBAL_ACCENT_COLOR_NAME = AccentColor;
				CODE_SIGN_STYLE = Automatic;
				CURRENT_PROJECT_VERSION = 1;
				GENERATE_INFOPLIST_FILE = YES;
				INFOPLIST_FILE = "Budget App/Info.plist";
				INFOPLIST_KEY_UIApplicationSupportsIndirectInputEvents = YES;
				INFOPLIST_KEY_UILaunchStoryboardName = LaunchScreen;
				INFOPLIST_KEY_UIMainStoryboardFile = Main;
				INFOPLIST_KEY_UISupportedInterfaceOrientations_iPad = "UIInterfaceOrientationPortrait UIInterfaceOrientationPortraitUpsideDown UIInterfaceOrientationLandscapeLeft UIInterfaceOrientationLandscapeRight";
				INFOPLIST_KEY_UISupportedInterfaceOrientations_iPhone = "UIInterfaceOrientationPortrait UIInterfaceOrientationLandscapeLeft UIInterfaceOrientationLandscapeRight";
				LD_RUNPATH_SEARCH_PATHS = (
					"$(inherited)",
					"@executable_path/Frameworks",
				);
				MARKETING_VERSION = 1.0;
				PRODUCT_BUNDLE_IDENTIFIER = "https---github.com-AthensStateComputerScience-CaptureTheFlag.git.Budget-App";
				PRODUCT_NAME = "$(TARGET_NAME)";
				SWIFT_EMIT_LOC_STRINGS = YES;
				SWIFT_VERSION = 5.0;
				TARGETED_DEVICE_FAMILY = "1,2";
			};
			name = Debug;
		};
		E5F5AC5C29DB9C330001E648 /* Release */ = {
			isa = XCBuildConfiguration;
			buildSettings = {
				ASSETCATALOG_COMPILER_APPICON_NAME = AppIcon;
				ASSETCATALOG_COMPILER_GLOBAL_ACCENT_COLOR_NAME = AccentColor;
				CODE_SIGN_STYLE = Automatic;
				CURRENT_PROJECT_VERSION = 1;
				GENERATE_INFOPLIST_FILE = YES;
				INFOPLIST_FILE = "Budget App/Info.plist";
				INFOPLIST_KEY_UIApplicationSupportsIndirectInputEvents = YES;
				INFOPLIST_KEY_UILaunchStoryboardName = LaunchScreen;
				INFOPLIST_KEY_UIMainStoryboardFile = Main;
				INFOPLIST_KEY_UISupportedInterfaceOrientations_iPad = "UIInterfaceOrientationPortrait UIInterfaceOrientationPortraitUpsideDown UIInterfaceOrientationLandscapeLeft UIInterfaceOrientationLandscapeRight";
				INFOPLIST_KEY_UISupportedInterfaceOrientations_iPhone = "UIInterfaceOrientationPortrait UIInterfaceOrientationLandscapeLeft UIInterfaceOrientationLandscapeRight";
				LD_RUNPATH_SEARCH_PATHS = (
					"$(inherited)",
					"@executable_path/Frameworks",
				);
				MARKETING_VERSION = 1.0;
				PRODUCT_BUNDLE_IDENTIFIER = "https---github.com-AthensStateComputerScience-CaptureTheFlag.git.Budget-App";
				PRODUCT_NAME = "$(TARGET_NAME)";
				SWIFT_EMIT_LOC_STRINGS = YES;
				SWIFT_VERSION = 5.0;
				TARGETED_DEVICE_FAMILY = "1,2";
			};
			name = Release;
		};
		E5F5AC5E29DB9C330001E648 /* Debug */ = {
			isa = XCBuildConfiguration;
			buildSettings = {
				ALWAYS_EMBED_SWIFT_STANDARD_LIBRARIES = YES;
				BUNDLE_LOADER = "$(TEST_HOST)";
				CODE_SIGN_STYLE = Automatic;
				CURRENT_PROJECT_VERSION = 1;
				GENERATE_INFOPLIST_FILE = YES;
				IPHONEOS_DEPLOYMENT_TARGET = 16.2;
				MARKETING_VERSION = 1.0;
				PRODUCT_BUNDLE_IDENTIFIER = "https---github.com-AthensStateComputerScience-CaptureTheFlag.git.Budget-AppTests";
				PRODUCT_NAME = "$(TARGET_NAME)";
				SWIFT_EMIT_LOC_STRINGS = NO;
				SWIFT_VERSION = 5.0;
				TARGETED_DEVICE_FAMILY = "1,2";
				TEST_HOST = "$(BUILT_PRODUCTS_DIR)/Budget App.app/$(BUNDLE_EXECUTABLE_FOLDER_PATH)/Budget App";
			};
			name = Debug;
		};
		E5F5AC5F29DB9C330001E648 /* Release */ = {
			isa = XCBuildConfiguration;
			buildSettings = {
				ALWAYS_EMBED_SWIFT_STANDARD_LIBRARIES = YES;
				BUNDLE_LOADER = "$(TEST_HOST)";
				CODE_SIGN_STYLE = Automatic;
				CURRENT_PROJECT_VERSION = 1;
				GENERATE_INFOPLIST_FILE = YES;
				IPHONEOS_DEPLOYMENT_TARGET = 16.2;
				MARKETING_VERSION = 1.0;
				PRODUCT_BUNDLE_IDENTIFIER = "https---github.com-AthensStateComputerScience-CaptureTheFlag.git.Budget-AppTests";
				PRODUCT_NAME = "$(TARGET_NAME)";
				SWIFT_EMIT_LOC_STRINGS = NO;
				SWIFT_VERSION = 5.0;
				TARGETED_DEVICE_FAMILY = "1,2";
				TEST_HOST = "$(BUILT_PRODUCTS_DIR)/Budget App.app/$(BUNDLE_EXECUTABLE_FOLDER_PATH)/Budget App";
			};
			name = Release;
		};
		E5F5AC6129DB9C330001E648 /* Debug */ = {
			isa = XCBuildConfiguration;
			buildSettings = {
				ALWAYS_EMBED_SWIFT_STANDARD_LIBRARIES = YES;
				CODE_SIGN_STYLE = Automatic;
				CURRENT_PROJECT_VERSION = 1;
				GENERATE_INFOPLIST_FILE = YES;
				MARKETING_VERSION = 1.0;
				PRODUCT_BUNDLE_IDENTIFIER = "https---github.com-AthensStateComputerScience-CaptureTheFlag.git.Budget-AppUITests";
				PRODUCT_NAME = "$(TARGET_NAME)";
				SWIFT_EMIT_LOC_STRINGS = NO;
				SWIFT_VERSION = 5.0;
				TARGETED_DEVICE_FAMILY = "1,2";
				TEST_TARGET_NAME = "Budget App";
			};
			name = Debug;
		};
		E5F5AC6229DB9C330001E648 /* Release */ = {
			isa = XCBuildConfiguration;
			buildSettings = {
				ALWAYS_EMBED_SWIFT_STANDARD_LIBRARIES = YES;
				CODE_SIGN_STYLE = Automatic;
				CURRENT_PROJECT_VERSION = 1;
				GENERATE_INFOPLIST_FILE = YES;
				MARKETING_VERSION = 1.0;
				PRODUCT_BUNDLE_IDENTIFIER = "https---github.com-AthensStateComputerScience-CaptureTheFlag.git.Budget-AppUITests";
				PRODUCT_NAME = "$(TARGET_NAME)";
				SWIFT_EMIT_LOC_STRINGS = NO;
				SWIFT_VERSION = 5.0;
				TARGETED_DEVICE_FAMILY = "1,2";
				TEST_TARGET_NAME = "Budget App";
			};
			name = Release;
		};
/* End XCBuildConfiguration section */

/* Begin XCConfigurationList section */
		E5F5AC2B29DB9C2B0001E648 /* Build configuration list for PBXProject "Budget App" */ = {
			isa = XCConfigurationList;
			buildConfigurations = (
				E5F5AC5829DB9C330001E648 /* Debug */,
				E5F5AC5929DB9C330001E648 /* Release */,
			);
			defaultConfigurationIsVisible = 0;
			defaultConfigurationName = Release;
		};
		E5F5AC5A29DB9C330001E648 /* Build configuration list for PBXNativeTarget "Budget App" */ = {
			isa = XCConfigurationList;
			buildConfigurations = (
				E5F5AC5B29DB9C330001E648 /* Debug */,
				E5F5AC5C29DB9C330001E648 /* Release */,
			);
			defaultConfigurationIsVisible = 0;
			defaultConfigurationName = Release;
		};
		E5F5AC5D29DB9C330001E648 /* Build configuration list for PBXNativeTarget "Budget AppTests" */ = {
			isa = XCConfigurationList;
			buildConfigurations = (
				E5F5AC5E29DB9C330001E648 /* Debug */,
				E5F5AC5F29DB9C330001E648 /* Release */,
			);
			defaultConfigurationIsVisible = 0;
			defaultConfigurationName = Release;
		};
		E5F5AC6029DB9C330001E648 /* Build configuration list for PBXNativeTarget "Budget AppUITests" */ = {
			isa = XCConfigurationList;
			buildConfigurations = (
				E5F5AC6129DB9C330001E648 /* Debug */,
				E5F5AC6229DB9C330001E648 /* Release */,
			);
			defaultConfigurationIsVisible = 0;
			defaultConfigurationName = Release;
		};
/* End XCConfigurationList section */
	};
	rootObject = E5F5AC2829DB9C2B0001E648 /* Project object */;
}
